
Microsoft Visual Studio Solution File, Format Version 12.00
# Visual Studio Version 17
VisualStudioVersion = 17.8.34309.116
MinimumVisualStudioVersion = 10.0.40219.1
Project("{FAE04EC0-301F-11D3-BF4B-00C04F79EFBC}") = "ContosoUniversity", "ContosoUniversity\ContosoUniversity.csproj", "{332F467F-B129-423F-BA30-295546885236}"
EndProject
Global
	GlobalSection(SolutionConfigurationPlatforms) = preSolution
		Debug|Any CPU = Debug|Any CPU
		Release|Any CPU = Release|Any CPU
	EndGlobalSection
	GlobalSection(ProjectConfigurationPlatforms) = postSolution
		{332F467F-B129-423F-BA30-295546885236}.Debug|Any CPU.ActiveCfg = Debug|Any CPU
		{332F467F-B129-423F-BA30-295546885236}.Debug|Any CPU.Build.0 = Debug|Any CPU
		{332F467F-B129-423F-BA30-295546885236}.Release|Any CPU.ActiveCfg = Release|Any CPU
		{332F467F-B129-423F-BA30-295546885236}.Release|Any CPU.Build.0 = Release|Any CPU
	EndGlobalSection
	GlobalSection(SolutionProperties) = preSolution
		HideSolutionNode = FALSE
	EndGlobalSection
	GlobalSection(ExtensibilityGlobals) = postSolution
		SolutionGuid = {026AB7F0-E8CC-466B-B890-D9AD8CB4EA31}
	EndGlobalSection
EndGlobal
